// !$*UTF8*$!
{
	archiveVersion = 1;
	classes = {
	};
	objectVersion = 54;
	objects = {

/* Begin PBXBuildFile section */
		32F985EB0CD78B83D737267A /* Pods_MyTweetsTests.framework in Frameworks */ = {isa = PBXBuildFile; fileRef = 27E44709F3227E866D02A437 /* Pods_MyTweetsTests.framework */; };
		7CAA272DB98C966A460D26FC /* Pods_MyTweets_MyTweetsUITests.framework in Frameworks */ = {isa = PBXBuildFile; fileRef = C5DE4B0B553C0F3A1F419E64 /* Pods_MyTweets_MyTweetsUITests.framework */; };
		C27F6CA600DAEDE865B6E90C /* Pods_MyTweets.framework in Frameworks */ = {isa = PBXBuildFile; fileRef = C4DC93C281F727129ADCCA78 /* Pods_MyTweets.framework */; };
		CA16ADFE26BA2EEA003EA01F /* TokenManager.swift in Sources */ = {isa = PBXBuildFile; fileRef = CA16ADFD26BA2EEA003EA01F /* TokenManager.swift */; };
		CA16AE0026BA3479003EA01F /* UserRepository.swift in Sources */ = {isa = PBXBuildFile; fileRef = CA16ADFF26BA3479003EA01F /* UserRepository.swift */; };
		CA16AE0226BA3690003EA01F /* RegisterViewModel.swift in Sources */ = {isa = PBXBuildFile; fileRef = CA16AE0126BA3690003EA01F /* RegisterViewModel.swift */; };
		CA16AE0526BA3BBF003EA01F /* RegisterViewModelTest.swift in Sources */ = {isa = PBXBuildFile; fileRef = CA16AE0426BA3BBF003EA01F /* RegisterViewModelTest.swift */; };
		CA2FADC6267F7D3E00AC3B29 /* RegisterViewController.swift in Sources */ = {isa = PBXBuildFile; fileRef = CA2FADC5267F7D3E00AC3B29 /* RegisterViewController.swift */; };
		CA2FADCB267F7D7F00AC3B29 /* RegisterView.xib in Resources */ = {isa = PBXBuildFile; fileRef = CA2FADCA267F7D7F00AC3B29 /* RegisterView.xib */; };
		CA2FADD0267FE96100AC3B29 /* LoginView.swift in Sources */ = {isa = PBXBuildFile; fileRef = CA2FADCF267FE96100AC3B29 /* LoginView.swift */; };
		CA2FADD6267FEA8F00AC3B29 /* NibView.swift in Sources */ = {isa = PBXBuildFile; fileRef = CA2FADD5267FEA8F00AC3B29 /* NibView.swift */; };
		CA2FADDE267FF98700AC3B29 /* RegisterView.swift in Sources */ = {isa = PBXBuildFile; fileRef = CA2FADDD267FF98700AC3B29 /* RegisterView.swift */; };
		CA2FADE72680001500AC3B29 /* Endpoint.swift in Sources */ = {isa = PBXBuildFile; fileRef = CA2FADE62680001500AC3B29 /* Endpoint.swift */; };
		CA2FADF22680011600AC3B29 /* LoginRequest.swift in Sources */ = {isa = PBXBuildFile; fileRef = CA2FADF12680011600AC3B29 /* LoginRequest.swift */; };
		CA2FADF72680014E00AC3B29 /* UserResponse.swift in Sources */ = {isa = PBXBuildFile; fileRef = CA2FADF62680014E00AC3B29 /* UserResponse.swift */; };
		CA2FADFD2680018F00AC3B29 /* User.swift in Sources */ = {isa = PBXBuildFile; fileRef = CA2FADFC2680018F00AC3B29 /* User.swift */; };
		CA2FAE05268001C100AC3B29 /* ErrorResponse.swift in Sources */ = {isa = PBXBuildFile; fileRef = CA2FAE04268001C100AC3B29 /* ErrorResponse.swift */; };
		CA2FAE2126800F6A00AC3B29 /* HomeCoordinator.swift in Sources */ = {isa = PBXBuildFile; fileRef = CA2FAE2026800F6A00AC3B29 /* HomeCoordinator.swift */; };
		CA2FAE2626800FF500AC3B29 /* HomeViewController.swift in Sources */ = {isa = PBXBuildFile; fileRef = CA2FAE2526800FF500AC3B29 /* HomeViewController.swift */; };
		CA2FAE2B2680126C00AC3B29 /* HomeView.xib in Resources */ = {isa = PBXBuildFile; fileRef = CA2FAE2A2680126C00AC3B29 /* HomeView.xib */; };
		CA2FAE302680169400AC3B29 /* RegisterRequest.swift in Sources */ = {isa = PBXBuildFile; fileRef = CA2FAE2F2680169400AC3B29 /* RegisterRequest.swift */; };
		CA2FAE5F2680B88800AC3B29 /* TweetCell.xib in Resources */ = {isa = PBXBuildFile; fileRef = CA2FAE5E2680B88800AC3B29 /* TweetCell.xib */; };
		CA2FAE642680BD2200AC3B29 /* TweetCell.swift in Sources */ = {isa = PBXBuildFile; fileRef = CA2FAE632680BD2200AC3B29 /* TweetCell.swift */; };
		CA2FAE6A2680BF0800AC3B29 /* Post.swift in Sources */ = {isa = PBXBuildFile; fileRef = CA2FAE692680BF0800AC3B29 /* Post.swift */; };
		CA2FAE732680C38900AC3B29 /* UITableViewCell+Utils.swift in Sources */ = {isa = PBXBuildFile; fileRef = CA2FAE722680C38900AC3B29 /* UITableViewCell+Utils.swift */; };
		CA2FAE7B2680C74800AC3B29 /* PostDataSource.swift in Sources */ = {isa = PBXBuildFile; fileRef = CA2FAE7A2680C74800AC3B29 /* PostDataSource.swift */; };
		CA2FAE9B2680D0EA00AC3B29 /* HomeViewModel.swift in Sources */ = {isa = PBXBuildFile; fileRef = CA2FAE9A2680D0EA00AC3B29 /* HomeViewModel.swift */; };
		CA4A8A71267665640058FA7E /* WelcomeView.xib in Resources */ = {isa = PBXBuildFile; fileRef = CA4A8A70267665640058FA7E /* WelcomeView.xib */; };
		CA8882C626783F9000784928 /* LoginView.xib in Resources */ = {isa = PBXBuildFile; fileRef = CA8882C526783F9000784928 /* LoginView.xib */; };
		CA8B50F526782C6000978109 /* LoginViewController.swift in Sources */ = {isa = PBXBuildFile; fileRef = CA8B50F426782C6000978109 /* LoginViewController.swift */; };
		CA973D482687F97C001FFCA4 /* HomeView.swift in Sources */ = {isa = PBXBuildFile; fileRef = CA973D472687F97C001FFCA4 /* HomeView.swift */; };
		CA973D6D2687FF7F001FFCA4 /* NewPostView.xib in Resources */ = {isa = PBXBuildFile; fileRef = CA973D6C2687FF7F001FFCA4 /* NewPostView.xib */; };
		CA973D72268800AA001FFCA4 /* NewPostViewController.swift in Sources */ = {isa = PBXBuildFile; fileRef = CA973D71268800AA001FFCA4 /* NewPostViewController.swift */; };
		CA973D7A2688038C001FFCA4 /* NewPostView.swift in Sources */ = {isa = PBXBuildFile; fileRef = CA973D792688038C001FFCA4 /* NewPostView.swift */; };
		CA973D7F26880B4C001FFCA4 /* NewPostViewModel.swift in Sources */ = {isa = PBXBuildFile; fileRef = CA973D7E26880B4C001FFCA4 /* NewPostViewModel.swift */; };
		CA973D8426880C64001FFCA4 /* PostRequest.swift in Sources */ = {isa = PBXBuildFile; fileRef = CA973D8326880C64001FFCA4 /* PostRequest.swift */; };
		CA973D9126892900001FFCA4 /* GeneralResponse.swift in Sources */ = {isa = PBXBuildFile; fileRef = CA973D9026892900001FFCA4 /* GeneralResponse.swift */; };
		CA973D9E26894685001FFCA4 /* GoogleService-Info.plist in Resources */ = {isa = PBXBuildFile; fileRef = CA973D9D26894685001FFCA4 /* GoogleService-Info.plist */; };
		CAB1AACC26C83868008AC3F9 /* MapViewController.swift in Sources */ = {isa = PBXBuildFile; fileRef = CAB1AACB26C83868008AC3F9 /* MapViewController.swift */; };
		CAB1AACE26C8395E008AC3F9 /* MapView.xib in Resources */ = {isa = PBXBuildFile; fileRef = CAB1AACD26C8395E008AC3F9 /* MapView.xib */; };
		CAB1AAD026C83982008AC3F9 /* MapView.swift in Sources */ = {isa = PBXBuildFile; fileRef = CAB1AACF26C83982008AC3F9 /* MapView.swift */; };
		CAC1145426B8AC9B002651B3 /* UITableViewCellTest.swift in Sources */ = {isa = PBXBuildFile; fileRef = CAC1145326B8AC9B002651B3 /* UITableViewCellTest.swift */; };
		CAC1145826B8AD64002651B3 /* NewPostViewModelTest.swift in Sources */ = {isa = PBXBuildFile; fileRef = CAC1145726B8AD64002651B3 /* NewPostViewModelTest.swift */; };
		CAC1145B26B8ADF7002651B3 /* PostRepository.swift in Sources */ = {isa = PBXBuildFile; fileRef = CAC1145A26B8ADF7002651B3 /* PostRepository.swift */; };
		CAC1145E26B8AFF3002651B3 /* PostRepositoryMock.swift in Sources */ = {isa = PBXBuildFile; fileRef = CAC1145D26B8AFF3002651B3 /* PostRepositoryMock.swift */; };
		CAC1146126B8B76E002651B3 /* HomeViewModelTest.swift in Sources */ = {isa = PBXBuildFile; fileRef = CAC1146026B8B76E002651B3 /* HomeViewModelTest.swift */; };
		CAF4A6B0266F8D80001AE431 /* AppDelegate.swift in Sources */ = {isa = PBXBuildFile; fileRef = CAF4A6AF266F8D80001AE431 /* AppDelegate.swift */; };
		CAF4A6B4266F8D80001AE431 /* WelcomeViewController.swift in Sources */ = {isa = PBXBuildFile; fileRef = CAF4A6B3266F8D80001AE431 /* WelcomeViewController.swift */; };
		CAF4A6B9266F8D81001AE431 /* Assets.xcassets in Resources */ = {isa = PBXBuildFile; fileRef = CAF4A6B8266F8D81001AE431 /* Assets.xcassets */; };
		CAF4A6BC266F8D81001AE431 /* LaunchScreen.storyboard in Resources */ = {isa = PBXBuildFile; fileRef = CAF4A6BA266F8D81001AE431 /* LaunchScreen.storyboard */; };
		CAF4A6D2266F8D82001AE431 /* MyTweetsUITests.swift in Sources */ = {isa = PBXBuildFile; fileRef = CAF4A6D1266F8D82001AE431 /* MyTweetsUITests.swift */; };
		CAF4A6F0266F92F0001AE431 /* Coordinator.swift in Sources */ = {isa = PBXBuildFile; fileRef = CAF4A6EF266F92F0001AE431 /* Coordinator.swift */; };
		CAF4A6F5266F931B001AE431 /* MainCoordinator.swift in Sources */ = {isa = PBXBuildFile; fileRef = CAF4A6F4266F931B001AE431 /* MainCoordinator.swift */; };
		D0554E4D26BEF06F00CE7908 /* UserRepositoryMock.swift in Sources */ = {isa = PBXBuildFile; fileRef = D0554E4C26BEF06F00CE7908 /* UserRepositoryMock.swift */; };
		D0554E4F26BEFB7600CE7908 /* LoginViewModel.swift in Sources */ = {isa = PBXBuildFile; fileRef = D0554E4E26BEFB7600CE7908 /* LoginViewModel.swift */; };
		D0554E5226BF001900CE7908 /* LoginViewModelTest.swift in Sources */ = {isa = PBXBuildFile; fileRef = D0554E5126BF001900CE7908 /* LoginViewModelTest.swift */; };
		D0554E5726BF3CDC00CE7908 /* WelcomeViewControllertTest.swift in Sources */ = {isa = PBXBuildFile; fileRef = D0554E5626BF3CDC00CE7908 /* WelcomeViewControllertTest.swift */; };
		D0554E5B26BF3F9E00CE7908 /* RegisterViewControllerTest.swift in Sources */ = {isa = PBXBuildFile; fileRef = D0554E5A26BF3F9E00CE7908 /* RegisterViewControllerTest.swift */; };
		D0554E5D26BF407B00CE7908 /* HomeViewControllerTest.swift in Sources */ = {isa = PBXBuildFile; fileRef = D0554E5C26BF407B00CE7908 /* HomeViewControllerTest.swift */; };
		D0554E5F26BF490900CE7908 /* LoginViewControllerTest.swift in Sources */ = {isa = PBXBuildFile; fileRef = D0554E5E26BF490900CE7908 /* LoginViewControllerTest.swift */; };
		D0554E6126BF586900CE7908 /* NewPostViewControllerTest.swift in Sources */ = {isa = PBXBuildFile; fileRef = D0554E6026BF586900CE7908 /* NewPostViewControllerTest.swift */; };
		D0554E6926C04E1200CE7908 /* XCTestCase+FatalError.swift in Sources */ = {isa = PBXBuildFile; fileRef = D0554E6826C04E1200CE7908 /* XCTestCase+FatalError.swift */; };
		D0554E6C26C04EEC00CE7908 /* FatalErrorUtil.swift in Sources */ = {isa = PBXBuildFile; fileRef = D0554E6A26C04E4000CE7908 /* FatalErrorUtil.swift */; };
		D0554E6F26C0506900CE7908 /* TokenManagerTest.swift in Sources */ = {isa = PBXBuildFile; fileRef = D0554E6E26C0506900CE7908 /* TokenManagerTest.swift */; };
		D0554E7126C0914B00CE7908 /* NewPostLocationDelegate.swift in Sources */ = {isa = PBXBuildFile; fileRef = D0554E7026C0914B00CE7908 /* NewPostLocationDelegate.swift */; };
		D079DD962820084B00DA1D11 /* UIColor.swift in Sources */ = {isa = PBXBuildFile; fileRef = D079DD952820084B00DA1D11 /* UIColor.swift */; };
		D08A526228498AD200012B04 /* UIThemeTextField.swift in Sources */ = {isa = PBXBuildFile; fileRef = D08A526128498AD200012B04 /* UIThemeTextField.swift */; };
/* End PBXBuildFile section */

/* Begin PBXContainerItemProxy section */
		CAF4A6C3266F8D82001AE431 /* PBXContainerItemProxy */ = {
			isa = PBXContainerItemProxy;
			containerPortal = CAF4A6A4266F8D80001AE431 /* Project object */;
			proxyType = 1;
			remoteGlobalIDString = CAF4A6AB266F8D80001AE431;
			remoteInfo = MyTweets;
		};
		CAF4A6CE266F8D82001AE431 /* PBXContainerItemProxy */ = {
			isa = PBXContainerItemProxy;
			containerPortal = CAF4A6A4266F8D80001AE431 /* Project object */;
			proxyType = 1;
			remoteGlobalIDString = CAF4A6AB266F8D80001AE431;
			remoteInfo = MyTweets;
		};
/* End PBXContainerItemProxy section */

/* Begin PBXFileReference section */
		0697DCD0A7974A613B01135C /* Pods-MyTweets.debug.xcconfig */ = {isa = PBXFileReference; includeInIndex = 1; lastKnownFileType = text.xcconfig; name = "Pods-MyTweets.debug.xcconfig"; path = "Target Support Files/Pods-MyTweets/Pods-MyTweets.debug.xcconfig"; sourceTree = "<group>"; };
		27E44709F3227E866D02A437 /* Pods_MyTweetsTests.framework */ = {isa = PBXFileReference; explicitFileType = wrapper.framework; includeInIndex = 0; path = Pods_MyTweetsTests.framework; sourceTree = BUILT_PRODUCTS_DIR; };
		2A227DC62420DBBB6AFB9BB2 /* Pods-MyTweetsTests.release.xcconfig */ = {isa = PBXFileReference; includeInIndex = 1; lastKnownFileType = text.xcconfig; name = "Pods-MyTweetsTests.release.xcconfig"; path = "Target Support Files/Pods-MyTweetsTests/Pods-MyTweetsTests.release.xcconfig"; sourceTree = "<group>"; };
		5E7D49F534D99E8F7F82D4C3 /* Pods-MyTweets-MyTweetsUITests.debug.xcconfig */ = {isa = PBXFileReference; includeInIndex = 1; lastKnownFileType = text.xcconfig; name = "Pods-MyTweets-MyTweetsUITests.debug.xcconfig"; path = "Target Support Files/Pods-MyTweets-MyTweetsUITests/Pods-MyTweets-MyTweetsUITests.debug.xcconfig"; sourceTree = "<group>"; };
		662617651663F8875CC46A46 /* Pods-MyTweets.release.xcconfig */ = {isa = PBXFileReference; includeInIndex = 1; lastKnownFileType = text.xcconfig; name = "Pods-MyTweets.release.xcconfig"; path = "Target Support Files/Pods-MyTweets/Pods-MyTweets.release.xcconfig"; sourceTree = "<group>"; };
		8DD992274ECCD863F0F8055B /* Pods-MyTweetsTests.debug.xcconfig */ = {isa = PBXFileReference; includeInIndex = 1; lastKnownFileType = text.xcconfig; name = "Pods-MyTweetsTests.debug.xcconfig"; path = "Target Support Files/Pods-MyTweetsTests/Pods-MyTweetsTests.debug.xcconfig"; sourceTree = "<group>"; };
		974036769E0C6422DF4BC99B /* Pods-MyTweets-MyTweetsUITests.release.xcconfig */ = {isa = PBXFileReference; includeInIndex = 1; lastKnownFileType = text.xcconfig; name = "Pods-MyTweets-MyTweetsUITests.release.xcconfig"; path = "Target Support Files/Pods-MyTweets-MyTweetsUITests/Pods-MyTweets-MyTweetsUITests.release.xcconfig"; sourceTree = "<group>"; };
		C4DC93C281F727129ADCCA78 /* Pods_MyTweets.framework */ = {isa = PBXFileReference; explicitFileType = wrapper.framework; includeInIndex = 0; path = Pods_MyTweets.framework; sourceTree = BUILT_PRODUCTS_DIR; };
		C5DE4B0B553C0F3A1F419E64 /* Pods_MyTweets_MyTweetsUITests.framework */ = {isa = PBXFileReference; explicitFileType = wrapper.framework; includeInIndex = 0; path = Pods_MyTweets_MyTweetsUITests.framework; sourceTree = BUILT_PRODUCTS_DIR; };
		CA16ADFD26BA2EEA003EA01F /* TokenManager.swift */ = {isa = PBXFileReference; lastKnownFileType = sourcecode.swift; path = TokenManager.swift; sourceTree = "<group>"; };
		CA16ADFF26BA3479003EA01F /* UserRepository.swift */ = {isa = PBXFileReference; lastKnownFileType = sourcecode.swift; path = UserRepository.swift; sourceTree = "<group>"; };
		CA16AE0126BA3690003EA01F /* RegisterViewModel.swift */ = {isa = PBXFileReference; lastKnownFileType = sourcecode.swift; path = RegisterViewModel.swift; sourceTree = "<group>"; };
		CA16AE0426BA3BBF003EA01F /* RegisterViewModelTest.swift */ = {isa = PBXFileReference; lastKnownFileType = sourcecode.swift; path = RegisterViewModelTest.swift; sourceTree = "<group>"; };
		CA2FADC5267F7D3E00AC3B29 /* RegisterViewController.swift */ = {isa = PBXFileReference; lastKnownFileType = sourcecode.swift; path = RegisterViewController.swift; sourceTree = "<group>"; };
		CA2FADCA267F7D7F00AC3B29 /* RegisterView.xib */ = {isa = PBXFileReference; lastKnownFileType = file.xib; path = RegisterView.xib; sourceTree = "<group>"; };
		CA2FADCF267FE96100AC3B29 /* LoginView.swift */ = {isa = PBXFileReference; lastKnownFileType = sourcecode.swift; path = LoginView.swift; sourceTree = "<group>"; };
		CA2FADD5267FEA8F00AC3B29 /* NibView.swift */ = {isa = PBXFileReference; lastKnownFileType = sourcecode.swift; path = NibView.swift; sourceTree = "<group>"; };
		CA2FADDD267FF98700AC3B29 /* RegisterView.swift */ = {isa = PBXFileReference; lastKnownFileType = sourcecode.swift; path = RegisterView.swift; sourceTree = "<group>"; };
		CA2FADE62680001500AC3B29 /* Endpoint.swift */ = {isa = PBXFileReference; lastKnownFileType = sourcecode.swift; path = Endpoint.swift; sourceTree = "<group>"; };
		CA2FADF12680011600AC3B29 /* LoginRequest.swift */ = {isa = PBXFileReference; lastKnownFileType = sourcecode.swift; path = LoginRequest.swift; sourceTree = "<group>"; };
		CA2FADF62680014E00AC3B29 /* UserResponse.swift */ = {isa = PBXFileReference; lastKnownFileType = sourcecode.swift; path = UserResponse.swift; sourceTree = "<group>"; };
		CA2FADFC2680018F00AC3B29 /* User.swift */ = {isa = PBXFileReference; lastKnownFileType = sourcecode.swift; path = User.swift; sourceTree = "<group>"; };
		CA2FAE04268001C100AC3B29 /* ErrorResponse.swift */ = {isa = PBXFileReference; lastKnownFileType = sourcecode.swift; path = ErrorResponse.swift; sourceTree = "<group>"; };
		CA2FAE2026800F6A00AC3B29 /* HomeCoordinator.swift */ = {isa = PBXFileReference; lastKnownFileType = sourcecode.swift; path = HomeCoordinator.swift; sourceTree = "<group>"; };
		CA2FAE2526800FF500AC3B29 /* HomeViewController.swift */ = {isa = PBXFileReference; lastKnownFileType = sourcecode.swift; path = HomeViewController.swift; sourceTree = "<group>"; };
		CA2FAE2A2680126C00AC3B29 /* HomeView.xib */ = {isa = PBXFileReference; lastKnownFileType = file.xib; path = HomeView.xib; sourceTree = "<group>"; };
		CA2FAE2F2680169400AC3B29 /* RegisterRequest.swift */ = {isa = PBXFileReference; lastKnownFileType = sourcecode.swift; path = RegisterRequest.swift; sourceTree = "<group>"; };
		CA2FAE5E2680B88800AC3B29 /* TweetCell.xib */ = {isa = PBXFileReference; lastKnownFileType = file.xib; path = TweetCell.xib; sourceTree = "<group>"; };
		CA2FAE632680BD2200AC3B29 /* TweetCell.swift */ = {isa = PBXFileReference; lastKnownFileType = sourcecode.swift; path = TweetCell.swift; sourceTree = "<group>"; };
		CA2FAE692680BF0800AC3B29 /* Post.swift */ = {isa = PBXFileReference; lastKnownFileType = sourcecode.swift; path = Post.swift; sourceTree = "<group>"; };
		CA2FAE722680C38900AC3B29 /* UITableViewCell+Utils.swift */ = {isa = PBXFileReference; lastKnownFileType = sourcecode.swift; path = "UITableViewCell+Utils.swift"; sourceTree = "<group>"; };
		CA2FAE7A2680C74800AC3B29 /* PostDataSource.swift */ = {isa = PBXFileReference; lastKnownFileType = sourcecode.swift; path = PostDataSource.swift; sourceTree = "<group>"; };
		CA2FAE9A2680D0EA00AC3B29 /* HomeViewModel.swift */ = {isa = PBXFileReference; lastKnownFileType = sourcecode.swift; path = HomeViewModel.swift; sourceTree = "<group>"; };
		CA4A8A70267665640058FA7E /* WelcomeView.xib */ = {isa = PBXFileReference; lastKnownFileType = file.xib; path = WelcomeView.xib; sourceTree = "<group>"; };
		CA8882C526783F9000784928 /* LoginView.xib */ = {isa = PBXFileReference; lastKnownFileType = file.xib; path = LoginView.xib; sourceTree = "<group>"; };
		CA8B50F426782C6000978109 /* LoginViewController.swift */ = {isa = PBXFileReference; lastKnownFileType = sourcecode.swift; path = LoginViewController.swift; sourceTree = "<group>"; };
		CA973D472687F97C001FFCA4 /* HomeView.swift */ = {isa = PBXFileReference; lastKnownFileType = sourcecode.swift; path = HomeView.swift; sourceTree = "<group>"; };
		CA973D6C2687FF7F001FFCA4 /* NewPostView.xib */ = {isa = PBXFileReference; lastKnownFileType = file.xib; path = NewPostView.xib; sourceTree = "<group>"; };
		CA973D71268800AA001FFCA4 /* NewPostViewController.swift */ = {isa = PBXFileReference; lastKnownFileType = sourcecode.swift; path = NewPostViewController.swift; sourceTree = "<group>"; };
		CA973D792688038C001FFCA4 /* NewPostView.swift */ = {isa = PBXFileReference; lastKnownFileType = sourcecode.swift; path = NewPostView.swift; sourceTree = "<group>"; };
		CA973D7E26880B4C001FFCA4 /* NewPostViewModel.swift */ = {isa = PBXFileReference; lastKnownFileType = sourcecode.swift; path = NewPostViewModel.swift; sourceTree = "<group>"; };
		CA973D8326880C64001FFCA4 /* PostRequest.swift */ = {isa = PBXFileReference; lastKnownFileType = sourcecode.swift; path = PostRequest.swift; sourceTree = "<group>"; };
		CA973D9026892900001FFCA4 /* GeneralResponse.swift */ = {isa = PBXFileReference; lastKnownFileType = sourcecode.swift; path = GeneralResponse.swift; sourceTree = "<group>"; };
		CA973D9D26894685001FFCA4 /* GoogleService-Info.plist */ = {isa = PBXFileReference; fileEncoding = 4; lastKnownFileType = text.plist.xml; path = "GoogleService-Info.plist"; sourceTree = "<group>"; };
		CAB1AACB26C83868008AC3F9 /* MapViewController.swift */ = {isa = PBXFileReference; lastKnownFileType = sourcecode.swift; path = MapViewController.swift; sourceTree = "<group>"; };
		CAB1AACD26C8395E008AC3F9 /* MapView.xib */ = {isa = PBXFileReference; lastKnownFileType = file.xib; path = MapView.xib; sourceTree = "<group>"; };
		CAB1AACF26C83982008AC3F9 /* MapView.swift */ = {isa = PBXFileReference; lastKnownFileType = sourcecode.swift; path = MapView.swift; sourceTree = "<group>"; };
		CAC1145326B8AC9B002651B3 /* UITableViewCellTest.swift */ = {isa = PBXFileReference; lastKnownFileType = sourcecode.swift; path = UITableViewCellTest.swift; sourceTree = "<group>"; };
		CAC1145726B8AD64002651B3 /* NewPostViewModelTest.swift */ = {isa = PBXFileReference; lastKnownFileType = sourcecode.swift; path = NewPostViewModelTest.swift; sourceTree = "<group>"; };
		CAC1145A26B8ADF7002651B3 /* PostRepository.swift */ = {isa = PBXFileReference; lastKnownFileType = sourcecode.swift; path = PostRepository.swift; sourceTree = "<group>"; };
		CAC1145D26B8AFF3002651B3 /* PostRepositoryMock.swift */ = {isa = PBXFileReference; lastKnownFileType = sourcecode.swift; path = PostRepositoryMock.swift; sourceTree = "<group>"; };
		CAC1146026B8B76E002651B3 /* HomeViewModelTest.swift */ = {isa = PBXFileReference; lastKnownFileType = sourcecode.swift; path = HomeViewModelTest.swift; sourceTree = "<group>"; };
		CAF4A6AC266F8D80001AE431 /* MyTweets.app */ = {isa = PBXFileReference; explicitFileType = wrapper.application; includeInIndex = 0; path = MyTweets.app; sourceTree = BUILT_PRODUCTS_DIR; };
		CAF4A6AF266F8D80001AE431 /* AppDelegate.swift */ = {isa = PBXFileReference; lastKnownFileType = sourcecode.swift; path = AppDelegate.swift; sourceTree = "<group>"; };
		CAF4A6B3266F8D80001AE431 /* WelcomeViewController.swift */ = {isa = PBXFileReference; lastKnownFileType = sourcecode.swift; path = WelcomeViewController.swift; sourceTree = "<group>"; };
		CAF4A6B8266F8D81001AE431 /* Assets.xcassets */ = {isa = PBXFileReference; lastKnownFileType = folder.assetcatalog; path = Assets.xcassets; sourceTree = "<group>"; };
		CAF4A6BB266F8D81001AE431 /* Base */ = {isa = PBXFileReference; lastKnownFileType = file.storyboard; name = Base; path = Base.lproj/LaunchScreen.storyboard; sourceTree = "<group>"; };
		CAF4A6BD266F8D81001AE431 /* Info.plist */ = {isa = PBXFileReference; lastKnownFileType = text.plist.xml; path = Info.plist; sourceTree = "<group>"; };
		CAF4A6C2266F8D82001AE431 /* MyTweetsTests.xctest */ = {isa = PBXFileReference; explicitFileType = wrapper.cfbundle; includeInIndex = 0; path = MyTweetsTests.xctest; sourceTree = BUILT_PRODUCTS_DIR; };
		CAF4A6C8266F8D82001AE431 /* Info.plist */ = {isa = PBXFileReference; lastKnownFileType = text.plist.xml; path = Info.plist; sourceTree = "<group>"; };
		CAF4A6CD266F8D82001AE431 /* MyTweetsUITests.xctest */ = {isa = PBXFileReference; explicitFileType = wrapper.cfbundle; includeInIndex = 0; path = MyTweetsUITests.xctest; sourceTree = BUILT_PRODUCTS_DIR; };
		CAF4A6D1266F8D82001AE431 /* MyTweetsUITests.swift */ = {isa = PBXFileReference; lastKnownFileType = sourcecode.swift; path = MyTweetsUITests.swift; sourceTree = "<group>"; };
		CAF4A6D3266F8D82001AE431 /* Info.plist */ = {isa = PBXFileReference; lastKnownFileType = text.plist.xml; path = Info.plist; sourceTree = "<group>"; };
		CAF4A6EF266F92F0001AE431 /* Coordinator.swift */ = {isa = PBXFileReference; lastKnownFileType = sourcecode.swift; path = Coordinator.swift; sourceTree = "<group>"; };
		CAF4A6F4266F931B001AE431 /* MainCoordinator.swift */ = {isa = PBXFileReference; lastKnownFileType = sourcecode.swift; path = MainCoordinator.swift; sourceTree = "<group>"; };
		D0554E4C26BEF06F00CE7908 /* UserRepositoryMock.swift */ = {isa = PBXFileReference; lastKnownFileType = sourcecode.swift; path = UserRepositoryMock.swift; sourceTree = "<group>"; };
		D0554E4E26BEFB7600CE7908 /* LoginViewModel.swift */ = {isa = PBXFileReference; lastKnownFileType = sourcecode.swift; path = LoginViewModel.swift; sourceTree = "<group>"; };
		D0554E5126BF001900CE7908 /* LoginViewModelTest.swift */ = {isa = PBXFileReference; lastKnownFileType = sourcecode.swift; path = LoginViewModelTest.swift; sourceTree = "<group>"; };
		D0554E5626BF3CDC00CE7908 /* WelcomeViewControllertTest.swift */ = {isa = PBXFileReference; lastKnownFileType = sourcecode.swift; path = WelcomeViewControllertTest.swift; sourceTree = "<group>"; };
		D0554E5A26BF3F9E00CE7908 /* RegisterViewControllerTest.swift */ = {isa = PBXFileReference; lastKnownFileType = sourcecode.swift; path = RegisterViewControllerTest.swift; sourceTree = "<group>"; };
		D0554E5C26BF407B00CE7908 /* HomeViewControllerTest.swift */ = {isa = PBXFileReference; lastKnownFileType = sourcecode.swift; path = HomeViewControllerTest.swift; sourceTree = "<group>"; };
		D0554E5E26BF490900CE7908 /* LoginViewControllerTest.swift */ = {isa = PBXFileReference; lastKnownFileType = sourcecode.swift; path = LoginViewControllerTest.swift; sourceTree = "<group>"; };
		D0554E6026BF586900CE7908 /* NewPostViewControllerTest.swift */ = {isa = PBXFileReference; lastKnownFileType = sourcecode.swift; path = NewPostViewControllerTest.swift; sourceTree = "<group>"; };
		D0554E6826C04E1200CE7908 /* XCTestCase+FatalError.swift */ = {isa = PBXFileReference; lastKnownFileType = sourcecode.swift; path = "XCTestCase+FatalError.swift"; sourceTree = "<group>"; };
		D0554E6A26C04E4000CE7908 /* FatalErrorUtil.swift */ = {isa = PBXFileReference; lastKnownFileType = sourcecode.swift; path = FatalErrorUtil.swift; sourceTree = "<group>"; };
		D0554E6E26C0506900CE7908 /* TokenManagerTest.swift */ = {isa = PBXFileReference; lastKnownFileType = sourcecode.swift; path = TokenManagerTest.swift; sourceTree = "<group>"; };
		D0554E7026C0914B00CE7908 /* NewPostLocationDelegate.swift */ = {isa = PBXFileReference; lastKnownFileType = sourcecode.swift; path = NewPostLocationDelegate.swift; sourceTree = "<group>"; };
		D079DD952820084B00DA1D11 /* UIColor.swift */ = {isa = PBXFileReference; lastKnownFileType = sourcecode.swift; path = UIColor.swift; sourceTree = "<group>"; };
		D08A526128498AD200012B04 /* UIThemeTextField.swift */ = {isa = PBXFileReference; lastKnownFileType = sourcecode.swift; path = UIThemeTextField.swift; sourceTree = "<group>"; };
/* End PBXFileReference section */

/* Begin PBXFrameworksBuildPhase section */
		CAF4A6A9266F8D80001AE431 /* Frameworks */ = {
			isa = PBXFrameworksBuildPhase;
			buildActionMask = 2147483647;
			files = (
				C27F6CA600DAEDE865B6E90C /* Pods_MyTweets.framework in Frameworks */,
			);
			runOnlyForDeploymentPostprocessing = 0;
		};
		CAF4A6BF266F8D82001AE431 /* Frameworks */ = {
			isa = PBXFrameworksBuildPhase;
			buildActionMask = 2147483647;
			files = (
				32F985EB0CD78B83D737267A /* Pods_MyTweetsTests.framework in Frameworks */,
			);
			runOnlyForDeploymentPostprocessing = 0;
		};
		CAF4A6CA266F8D82001AE431 /* Frameworks */ = {
			isa = PBXFrameworksBuildPhase;
			buildActionMask = 2147483647;
			files = (
				7CAA272DB98C966A460D26FC /* Pods_MyTweets_MyTweetsUITests.framework in Frameworks */,
			);
			runOnlyForDeploymentPostprocessing = 0;
		};
/* End PBXFrameworksBuildPhase section */

/* Begin PBXGroup section */
		CA16AE0326BA3BAF003EA01F /* Register */ = {
			isa = PBXGroup;
			children = (
				D0554E5A26BF3F9E00CE7908 /* RegisterViewControllerTest.swift */,
				CA16AE0426BA3BBF003EA01F /* RegisterViewModelTest.swift */,
			);
			path = Register;
			sourceTree = "<group>";
		};
		CA2FADB8267F7B1000AC3B29 /* Register */ = {
			isa = PBXGroup;
			children = (
				CA2FADCA267F7D7F00AC3B29 /* RegisterView.xib */,
				CA2FADDD267FF98700AC3B29 /* RegisterView.swift */,
				CA2FADC5267F7D3E00AC3B29 /* RegisterViewController.swift */,
				CA16AE0126BA3690003EA01F /* RegisterViewModel.swift */,
				CA2FAE2F2680169400AC3B29 /* RegisterRequest.swift */,
			);
			path = Register;
			sourceTree = "<group>";
		};
		CA2FADD4267FEA6100AC3B29 /* Helpers */ = {
			isa = PBXGroup;
			children = (
				D0554E6A26C04E4000CE7908 /* FatalErrorUtil.swift */,
				CA2FADD5267FEA8F00AC3B29 /* NibView.swift */,
				CA16ADFD26BA2EEA003EA01F /* TokenManager.swift */,
			);
			path = Helpers;
			sourceTree = "<group>";
		};
		CA2FADE5267FFE1700AC3B29 /* Home */ = {
			isa = PBXGroup;
			children = (
				CA2FAE2A2680126C00AC3B29 /* HomeView.xib */,
				CA973D472687F97C001FFCA4 /* HomeView.swift */,
				CA2FAE2526800FF500AC3B29 /* HomeViewController.swift */,
				CA2FAE9A2680D0EA00AC3B29 /* HomeViewModel.swift */,
				CA2FAE7A2680C74800AC3B29 /* PostDataSource.swift */,
			);
			path = Home;
			sourceTree = "<group>";
		};
		CA2FADFB2680018300AC3B29 /* Models */ = {
			isa = PBXGroup;
			children = (
				CA2FAE682680BEE800AC3B29 /* User */,
				CA2FAE04268001C100AC3B29 /* ErrorResponse.swift */,
				CA2FAE692680BF0800AC3B29 /* Post.swift */,
				CA973D9026892900001FFCA4 /* GeneralResponse.swift */,
			);
			path = Models;
			sourceTree = "<group>";
		};
		CA2FAE5C2680B70100AC3B29 /* Components */ = {
			isa = PBXGroup;
			children = (
				CA2FAE5D2680B86A00AC3B29 /* TweetCell */,
				D08A526128498AD200012B04 /* UIThemeTextField.swift */,
			);
			path = Components;
			sourceTree = "<group>";
		};
		CA2FAE5D2680B86A00AC3B29 /* TweetCell */ = {
			isa = PBXGroup;
			children = (
				CA2FAE5E2680B88800AC3B29 /* TweetCell.xib */,
				CA2FAE632680BD2200AC3B29 /* TweetCell.swift */,
			);
			path = TweetCell;
			sourceTree = "<group>";
		};
		CA2FAE682680BEE800AC3B29 /* User */ = {
			isa = PBXGroup;
			children = (
				CA2FADFC2680018F00AC3B29 /* User.swift */,
				CA2FADF62680014E00AC3B29 /* UserResponse.swift */,
			);
			path = User;
			sourceTree = "<group>";
		};
		CA2FAE712680C35000AC3B29 /* Extensions */ = {
			isa = PBXGroup;
			children = (
				CA2FAE722680C38900AC3B29 /* UITableViewCell+Utils.swift */,
				D079DD952820084B00DA1D11 /* UIColor.swift */,
			);
			path = Extensions;
			sourceTree = "<group>";
		};
		CA4A8A6A267663CF0058FA7E /* Commons */ = {
			isa = PBXGroup;
			children = (
				CAC1145C26B8AE23002651B3 /* Repository */,
				CA2FADFB2680018300AC3B29 /* Models */,
				CAF4A6AF266F8D80001AE431 /* AppDelegate.swift */,
				CAF4A6B8266F8D81001AE431 /* Assets.xcassets */,
				CAF4A6BA266F8D81001AE431 /* LaunchScreen.storyboard */,
				CA2FADE62680001500AC3B29 /* Endpoint.swift */,
			);
			path = Commons;
			sourceTree = "<group>";
		};
		CA4A8A6B267664E30058FA7E /* Views */ = {
			isa = PBXGroup;
			children = (
				CA4A8A6C267664EF0058FA7E /* Welcome */,
				CA8B50F326782C4B00978109 /* Login */,
				CA2FADB8267F7B1000AC3B29 /* Register */,
				CA2FADE5267FFE1700AC3B29 /* Home */,
				CA973D6B2687FF51001FFCA4 /* NewPost */,
				D0554E7226C0B79600CE7908 /* Map */,
			);
			path = Views;
			sourceTree = "<group>";
		};
		CA4A8A6C267664EF0058FA7E /* Welcome */ = {
			isa = PBXGroup;
			children = (
				CA4A8A70267665640058FA7E /* WelcomeView.xib */,
				CAF4A6B3266F8D80001AE431 /* WelcomeViewController.swift */,
			);
			path = Welcome;
			sourceTree = "<group>";
		};
		CA8B50F326782C4B00978109 /* Login */ = {
			isa = PBXGroup;
			children = (
				CA8882C526783F9000784928 /* LoginView.xib */,
				CA2FADCF267FE96100AC3B29 /* LoginView.swift */,
				CA8B50F426782C6000978109 /* LoginViewController.swift */,
				D0554E4E26BEFB7600CE7908 /* LoginViewModel.swift */,
				CA2FADF12680011600AC3B29 /* LoginRequest.swift */,
			);
			path = Login;
			sourceTree = "<group>";
		};
		CA973D6B2687FF51001FFCA4 /* NewPost */ = {
			isa = PBXGroup;
			children = (
				CA973D6C2687FF7F001FFCA4 /* NewPostView.xib */,
				CA973D792688038C001FFCA4 /* NewPostView.swift */,
				CA973D71268800AA001FFCA4 /* NewPostViewController.swift */,
				CA973D7E26880B4C001FFCA4 /* NewPostViewModel.swift */,
				CA973D8326880C64001FFCA4 /* PostRequest.swift */,
				D0554E7026C0914B00CE7908 /* NewPostLocationDelegate.swift */,
			);
			path = NewPost;
			sourceTree = "<group>";
		};
		CAB1AACA26C8384E008AC3F9 /* Map */ = {
			isa = PBXGroup;
			children = (
				CAB1AACD26C8395E008AC3F9 /* MapView.xib */,
				CAB1AACF26C83982008AC3F9 /* MapView.swift */,
				CAB1AACB26C83868008AC3F9 /* MapViewController.swift */,
			);
			path = Map;
			sourceTree = "<group>";
		};
		CAC1145226B8AC83002651B3 /* Extensions */ = {
			isa = PBXGroup;
			children = (
				CAC1145326B8AC9B002651B3 /* UITableViewCellTest.swift */,
			);
			path = Extensions;
			sourceTree = "<group>";
		};
		CAC1145526B8AD46002651B3 /* Views */ = {
			isa = PBXGroup;
			children = (
				D0554E5526BF3CC400CE7908 /* Welcome */,
				D0554E5026BEFFFD00CE7908 /* Login */,
				CA16AE0326BA3BAF003EA01F /* Register */,
				CAC1145F26B8B75A002651B3 /* Home */,
				CAC1145626B8AD50002651B3 /* NewPost */,
			);
			path = Views;
			sourceTree = "<group>";
		};
		CAC1145626B8AD50002651B3 /* NewPost */ = {
			isa = PBXGroup;
			children = (
				CAC1145726B8AD64002651B3 /* NewPostViewModelTest.swift */,
				D0554E6026BF586900CE7908 /* NewPostViewControllerTest.swift */,
			);
			path = NewPost;
			sourceTree = "<group>";
		};
		CAC1145C26B8AE23002651B3 /* Repository */ = {
			isa = PBXGroup;
			children = (
				CAC1145A26B8ADF7002651B3 /* PostRepository.swift */,
				CA16ADFF26BA3479003EA01F /* UserRepository.swift */,
			);
			path = Repository;
			sourceTree = "<group>";
		};
		CAC1145F26B8B75A002651B3 /* Home */ = {
			isa = PBXGroup;
			children = (
				D0554E5C26BF407B00CE7908 /* HomeViewControllerTest.swift */,
				CAC1146026B8B76E002651B3 /* HomeViewModelTest.swift */,
			);
			path = Home;
			sourceTree = "<group>";
		};
		CAF4A6A3266F8D80001AE431 = {
			isa = PBXGroup;
			children = (
				CAF4A6AE266F8D80001AE431 /* MyTweets */,
				CAF4A6C5266F8D82001AE431 /* MyTweetsTests */,
				CAF4A6D0266F8D82001AE431 /* MyTweetsUITests */,
				CAF4A6AD266F8D80001AE431 /* Products */,
				D54418462F4FB9C1CC2D8D4A /* Pods */,
				FD7A7FA82413BA56EEE10973 /* Frameworks */,
			);
			sourceTree = "<group>";
		};
		CAF4A6AD266F8D80001AE431 /* Products */ = {
			isa = PBXGroup;
			children = (
				CAF4A6AC266F8D80001AE431 /* MyTweets.app */,
				CAF4A6C2266F8D82001AE431 /* MyTweetsTests.xctest */,
				CAF4A6CD266F8D82001AE431 /* MyTweetsUITests.xctest */,
			);
			name = Products;
			sourceTree = "<group>";
		};
		CAF4A6AE266F8D80001AE431 /* MyTweets */ = {
			isa = PBXGroup;
			children = (
				CA4A8A6A267663CF0058FA7E /* Commons */,
				CA2FAE5C2680B70100AC3B29 /* Components */,
				CAF4A6EE266F91B4001AE431 /* Coordinator */,
				CA2FAE712680C35000AC3B29 /* Extensions */,
				CA2FADD4267FEA6100AC3B29 /* Helpers */,
				CA4A8A6B267664E30058FA7E /* Views */,
				CAF4A6BD266F8D81001AE431 /* Info.plist */,
				CA973D9D26894685001FFCA4 /* GoogleService-Info.plist */,
			);
			path = MyTweets;
			sourceTree = "<group>";
		};
		CAF4A6C5266F8D82001AE431 /* MyTweetsTests */ = {
			isa = PBXGroup;
			children = (
				D0554E4926BEF03D00CE7908 /* Commons */,
				CAC1145226B8AC83002651B3 /* Extensions */,
				D0554E6D26C0503300CE7908 /* Helpers */,
				CAC1145526B8AD46002651B3 /* Views */,
				CAF4A6C8266F8D82001AE431 /* Info.plist */,
				D0554E6826C04E1200CE7908 /* XCTestCase+FatalError.swift */,
			);
			path = MyTweetsTests;
			sourceTree = "<group>";
		};
		CAF4A6D0266F8D82001AE431 /* MyTweetsUITests */ = {
			isa = PBXGroup;
			children = (
				CAF4A6D1266F8D82001AE431 /* MyTweetsUITests.swift */,
				CAF4A6D3266F8D82001AE431 /* Info.plist */,
			);
			path = MyTweetsUITests;
			sourceTree = "<group>";
		};
		CAF4A6EE266F91B4001AE431 /* Coordinator */ = {
			isa = PBXGroup;
			children = (
				CAF4A6EF266F92F0001AE431 /* Coordinator.swift */,
				CAF4A6F4266F931B001AE431 /* MainCoordinator.swift */,
				CA2FAE2026800F6A00AC3B29 /* HomeCoordinator.swift */,
			);
			path = Coordinator;
			sourceTree = "<group>";
		};
		D0554E4926BEF03D00CE7908 /* Commons */ = {
			isa = PBXGroup;
			children = (
				D0554E4A26BEF04700CE7908 /* Repository */,
			);
			path = Commons;
			sourceTree = "<group>";
		};
		D0554E4A26BEF04700CE7908 /* Repository */ = {
			isa = PBXGroup;
			children = (
				D0554E4B26BEF04F00CE7908 /* Mocks */,
			);
			path = Repository;
			sourceTree = "<group>";
		};
		D0554E4B26BEF04F00CE7908 /* Mocks */ = {
			isa = PBXGroup;
			children = (
				CAC1145D26B8AFF3002651B3 /* PostRepositoryMock.swift */,
				D0554E4C26BEF06F00CE7908 /* UserRepositoryMock.swift */,
			);
			path = Mocks;
			sourceTree = "<group>";
		};
		D0554E5026BEFFFD00CE7908 /* Login */ = {
			isa = PBXGroup;
			children = (
				D0554E5E26BF490900CE7908 /* LoginViewControllerTest.swift */,
				D0554E5126BF001900CE7908 /* LoginViewModelTest.swift */,
			);
			path = Login;
			sourceTree = "<group>";
		};
		D0554E5526BF3CC400CE7908 /* Welcome */ = {
			isa = PBXGroup;
			children = (
				D0554E5626BF3CDC00CE7908 /* WelcomeViewControllertTest.swift */,
			);
			path = Welcome;
			sourceTree = "<group>";
		};
		D0554E6D26C0503300CE7908 /* Helpers */ = {
			isa = PBXGroup;
			children = (
				D0554E6E26C0506900CE7908 /* TokenManagerTest.swift */,
			);
			path = Helpers;
			sourceTree = "<group>";
		};
		D0554E7226C0B79600CE7908 /* Map */ = {
			isa = PBXGroup;
			children = (
			);
			path = Map;
			sourceTree = "<group>";
		};
		D54418462F4FB9C1CC2D8D4A /* Pods */ = {
			isa = PBXGroup;
			children = (
				0697DCD0A7974A613B01135C /* Pods-MyTweets.debug.xcconfig */,
				662617651663F8875CC46A46 /* Pods-MyTweets.release.xcconfig */,
				5E7D49F534D99E8F7F82D4C3 /* Pods-MyTweets-MyTweetsUITests.debug.xcconfig */,
				974036769E0C6422DF4BC99B /* Pods-MyTweets-MyTweetsUITests.release.xcconfig */,
				8DD992274ECCD863F0F8055B /* Pods-MyTweetsTests.debug.xcconfig */,
				2A227DC62420DBBB6AFB9BB2 /* Pods-MyTweetsTests.release.xcconfig */,
			);
			path = Pods;
			sourceTree = "<group>";
		};
		FD7A7FA82413BA56EEE10973 /* Frameworks */ = {
			isa = PBXGroup;
			children = (
				C4DC93C281F727129ADCCA78 /* Pods_MyTweets.framework */,
				C5DE4B0B553C0F3A1F419E64 /* Pods_MyTweets_MyTweetsUITests.framework */,
				27E44709F3227E866D02A437 /* Pods_MyTweetsTests.framework */,
			);
			name = Frameworks;
			sourceTree = "<group>";
		};
/* End PBXGroup section */

/* Begin PBXNativeTarget section */
		CAF4A6AB266F8D80001AE431 /* MyTweets */ = {
			isa = PBXNativeTarget;
			buildConfigurationList = CAF4A6D6266F8D82001AE431 /* Build configuration list for PBXNativeTarget "MyTweets" */;
			buildPhases = (
				66BED0D8DD990EE29EE4BDFA /* [CP] Check Pods Manifest.lock */,
				CAF4A6A8266F8D80001AE431 /* Sources */,
				CAF4A6A9266F8D80001AE431 /* Frameworks */,
				CAF4A6AA266F8D80001AE431 /* Resources */,
				B5EB04A8ED49B8393700DF4C /* [CP] Embed Pods Frameworks */,
			);
			buildRules = (
			);
			dependencies = (
			);
			name = MyTweets;
			productName = MyTweets;
			productReference = CAF4A6AC266F8D80001AE431 /* MyTweets.app */;
			productType = "com.apple.product-type.application";
		};
		CAF4A6C1266F8D82001AE431 /* MyTweetsTests */ = {
			isa = PBXNativeTarget;
			buildConfigurationList = CAF4A6D9266F8D82001AE431 /* Build configuration list for PBXNativeTarget "MyTweetsTests" */;
			buildPhases = (
				A31F6A31EB850F5B5029EADB /* [CP] Check Pods Manifest.lock */,
				CAF4A6BE266F8D82001AE431 /* Sources */,
				CAF4A6BF266F8D82001AE431 /* Frameworks */,
				CAF4A6C0266F8D82001AE431 /* Resources */,
				4BCA12EECC96BD9901148B88 /* [CP] Embed Pods Frameworks */,
			);
			buildRules = (
			);
			dependencies = (
				CAF4A6C4266F8D82001AE431 /* PBXTargetDependency */,
			);
			name = MyTweetsTests;
			productName = MyTweetsTests;
			productReference = CAF4A6C2266F8D82001AE431 /* MyTweetsTests.xctest */;
			productType = "com.apple.product-type.bundle.unit-test";
		};
		CAF4A6CC266F8D82001AE431 /* MyTweetsUITests */ = {
			isa = PBXNativeTarget;
			buildConfigurationList = CAF4A6DC266F8D82001AE431 /* Build configuration list for PBXNativeTarget "MyTweetsUITests" */;
			buildPhases = (
				05D5724D66B6299E767059BC /* [CP] Check Pods Manifest.lock */,
				CAF4A6C9266F8D82001AE431 /* Sources */,
				CAF4A6CA266F8D82001AE431 /* Frameworks */,
				CAF4A6CB266F8D82001AE431 /* Resources */,
				86A0D894C5A1091632F92D65 /* [CP] Embed Pods Frameworks */,
			);
			buildRules = (
			);
			dependencies = (
				CAF4A6CF266F8D82001AE431 /* PBXTargetDependency */,
			);
			name = MyTweetsUITests;
			productName = MyTweetsUITests;
			productReference = CAF4A6CD266F8D82001AE431 /* MyTweetsUITests.xctest */;
			productType = "com.apple.product-type.bundle.ui-testing";
		};
/* End PBXNativeTarget section */

/* Begin PBXProject section */
		CAF4A6A4266F8D80001AE431 /* Project object */ = {
			isa = PBXProject;
			attributes = {
				LastSwiftUpdateCheck = 1230;
				LastUpgradeCheck = 1230;
				TargetAttributes = {
					CAF4A6AB266F8D80001AE431 = {
						CreatedOnToolsVersion = 12.3;
					};
					CAF4A6C1266F8D82001AE431 = {
						CreatedOnToolsVersion = 12.3;
						TestTargetID = CAF4A6AB266F8D80001AE431;
					};
					CAF4A6CC266F8D82001AE431 = {
						CreatedOnToolsVersion = 12.3;
						TestTargetID = CAF4A6AB266F8D80001AE431;
					};
				};
			};
			buildConfigurationList = CAF4A6A7266F8D80001AE431 /* Build configuration list for PBXProject "MyTweets" */;
			compatibilityVersion = "Xcode 12.0";
			developmentRegion = en;
			hasScannedForEncodings = 0;
			knownRegions = (
				en,
				Base,
			);
			mainGroup = CAF4A6A3266F8D80001AE431;
			productRefGroup = CAF4A6AD266F8D80001AE431 /* Products */;
			projectDirPath = "";
			projectRoot = "";
			targets = (
				CAF4A6AB266F8D80001AE431 /* MyTweets */,
				CAF4A6C1266F8D82001AE431 /* MyTweetsTests */,
				CAF4A6CC266F8D82001AE431 /* MyTweetsUITests */,
			);
		};
/* End PBXProject section */

/* Begin PBXResourcesBuildPhase section */
		CAF4A6AA266F8D80001AE431 /* Resources */ = {
			isa = PBXResourcesBuildPhase;
			buildActionMask = 2147483647;
			files = (
				CAF4A6BC266F8D81001AE431 /* LaunchScreen.storyboard in Resources */,
				CA2FADCB267F7D7F00AC3B29 /* RegisterView.xib in Resources */,
				CA973D9E26894685001FFCA4 /* GoogleService-Info.plist in Resources */,
				CA4A8A71267665640058FA7E /* WelcomeView.xib in Resources */,
				CA973D6D2687FF7F001FFCA4 /* NewPostView.xib in Resources */,
				CA2FAE5F2680B88800AC3B29 /* TweetCell.xib in Resources */,
				CA8882C626783F9000784928 /* LoginView.xib in Resources */,
				CAF4A6B9266F8D81001AE431 /* Assets.xcassets in Resources */,
				CA2FAE2B2680126C00AC3B29 /* HomeView.xib in Resources */,
				CAB1AACE26C8395E008AC3F9 /* MapView.xib in Resources */,
			);
			runOnlyForDeploymentPostprocessing = 0;
		};
		CAF4A6C0266F8D82001AE431 /* Resources */ = {
			isa = PBXResourcesBuildPhase;
			buildActionMask = 2147483647;
			files = (
			);
			runOnlyForDeploymentPostprocessing = 0;
		};
		CAF4A6CB266F8D82001AE431 /* Resources */ = {
			isa = PBXResourcesBuildPhase;
			buildActionMask = 2147483647;
			files = (
			);
			runOnlyForDeploymentPostprocessing = 0;
		};
/* End PBXResourcesBuildPhase section */

/* Begin PBXShellScriptBuildPhase section */
		05D5724D66B6299E767059BC /* [CP] Check Pods Manifest.lock */ = {
			isa = PBXShellScriptBuildPhase;
			buildActionMask = 2147483647;
			files = (
			);
			inputFileListPaths = (
			);
			inputPaths = (
				"${PODS_PODFILE_DIR_PATH}/Podfile.lock",
				"${PODS_ROOT}/Manifest.lock",
			);
			name = "[CP] Check Pods Manifest.lock";
			outputFileListPaths = (
			);
			outputPaths = (
				"$(DERIVED_FILE_DIR)/Pods-MyTweets-MyTweetsUITests-checkManifestLockResult.txt",
			);
			runOnlyForDeploymentPostprocessing = 0;
			shellPath = /bin/sh;
			shellScript = "diff \"${PODS_PODFILE_DIR_PATH}/Podfile.lock\" \"${PODS_ROOT}/Manifest.lock\" > /dev/null\nif [ $? != 0 ] ; then\n    # print error to STDERR\n    echo \"error: The sandbox is not in sync with the Podfile.lock. Run 'pod install' or update your CocoaPods installation.\" >&2\n    exit 1\nfi\n# This output is used by Xcode 'outputs' to avoid re-running this script phase.\necho \"SUCCESS\" > \"${SCRIPT_OUTPUT_FILE_0}\"\n";
			showEnvVarsInLog = 0;
		};
		4BCA12EECC96BD9901148B88 /* [CP] Embed Pods Frameworks */ = {
			isa = PBXShellScriptBuildPhase;
			buildActionMask = 2147483647;
			files = (
			);
			inputFileListPaths = (
				"${PODS_ROOT}/Target Support Files/Pods-MyTweetsTests/Pods-MyTweetsTests-frameworks-${CONFIGURATION}-input-files.xcfilelist",
			);
			name = "[CP] Embed Pods Frameworks";
			outputFileListPaths = (
				"${PODS_ROOT}/Target Support Files/Pods-MyTweetsTests/Pods-MyTweetsTests-frameworks-${CONFIGURATION}-output-files.xcfilelist",
			);
			runOnlyForDeploymentPostprocessing = 0;
			shellPath = /bin/sh;
			shellScript = "\"${PODS_ROOT}/Target Support Files/Pods-MyTweetsTests/Pods-MyTweetsTests-frameworks.sh\"\n";
			showEnvVarsInLog = 0;
		};
		66BED0D8DD990EE29EE4BDFA /* [CP] Check Pods Manifest.lock */ = {
			isa = PBXShellScriptBuildPhase;
			buildActionMask = 2147483647;
			files = (
			);
			inputFileListPaths = (
			);
			inputPaths = (
				"${PODS_PODFILE_DIR_PATH}/Podfile.lock",
				"${PODS_ROOT}/Manifest.lock",
			);
			name = "[CP] Check Pods Manifest.lock";
			outputFileListPaths = (
			);
			outputPaths = (
				"$(DERIVED_FILE_DIR)/Pods-MyTweets-checkManifestLockResult.txt",
			);
			runOnlyForDeploymentPostprocessing = 0;
			shellPath = /bin/sh;
			shellScript = "diff \"${PODS_PODFILE_DIR_PATH}/Podfile.lock\" \"${PODS_ROOT}/Manifest.lock\" > /dev/null\nif [ $? != 0 ] ; then\n    # print error to STDERR\n    echo \"error: The sandbox is not in sync with the Podfile.lock. Run 'pod install' or update your CocoaPods installation.\" >&2\n    exit 1\nfi\n# This output is used by Xcode 'outputs' to avoid re-running this script phase.\necho \"SUCCESS\" > \"${SCRIPT_OUTPUT_FILE_0}\"\n";
			showEnvVarsInLog = 0;
		};
		86A0D894C5A1091632F92D65 /* [CP] Embed Pods Frameworks */ = {
			isa = PBXShellScriptBuildPhase;
			buildActionMask = 2147483647;
			files = (
			);
			inputFileListPaths = (
				"${PODS_ROOT}/Target Support Files/Pods-MyTweets-MyTweetsUITests/Pods-MyTweets-MyTweetsUITests-frameworks-${CONFIGURATION}-input-files.xcfilelist",
			);
			name = "[CP] Embed Pods Frameworks";
			outputFileListPaths = (
				"${PODS_ROOT}/Target Support Files/Pods-MyTweets-MyTweetsUITests/Pods-MyTweets-MyTweetsUITests-frameworks-${CONFIGURATION}-output-files.xcfilelist",
			);
			runOnlyForDeploymentPostprocessing = 0;
			shellPath = /bin/sh;
			shellScript = "\"${PODS_ROOT}/Target Support Files/Pods-MyTweets-MyTweetsUITests/Pods-MyTweets-MyTweetsUITests-frameworks.sh\"\n";
			showEnvVarsInLog = 0;
		};
		A31F6A31EB850F5B5029EADB /* [CP] Check Pods Manifest.lock */ = {
			isa = PBXShellScriptBuildPhase;
			buildActionMask = 2147483647;
			files = (
			);
			inputFileListPaths = (
			);
			inputPaths = (
				"${PODS_PODFILE_DIR_PATH}/Podfile.lock",
				"${PODS_ROOT}/Manifest.lock",
			);
			name = "[CP] Check Pods Manifest.lock";
			outputFileListPaths = (
			);
			outputPaths = (
				"$(DERIVED_FILE_DIR)/Pods-MyTweetsTests-checkManifestLockResult.txt",
			);
			runOnlyForDeploymentPostprocessing = 0;
			shellPath = /bin/sh;
			shellScript = "diff \"${PODS_PODFILE_DIR_PATH}/Podfile.lock\" \"${PODS_ROOT}/Manifest.lock\" > /dev/null\nif [ $? != 0 ] ; then\n    # print error to STDERR\n    echo \"error: The sandbox is not in sync with the Podfile.lock. Run 'pod install' or update your CocoaPods installation.\" >&2\n    exit 1\nfi\n# This output is used by Xcode 'outputs' to avoid re-running this script phase.\necho \"SUCCESS\" > \"${SCRIPT_OUTPUT_FILE_0}\"\n";
			showEnvVarsInLog = 0;
		};
		B5EB04A8ED49B8393700DF4C /* [CP] Embed Pods Frameworks */ = {
			isa = PBXShellScriptBuildPhase;
			buildActionMask = 2147483647;
			files = (
			);
			inputFileListPaths = (
				"${PODS_ROOT}/Target Support Files/Pods-MyTweets/Pods-MyTweets-frameworks-${CONFIGURATION}-input-files.xcfilelist",
			);
			name = "[CP] Embed Pods Frameworks";
			outputFileListPaths = (
				"${PODS_ROOT}/Target Support Files/Pods-MyTweets/Pods-MyTweets-frameworks-${CONFIGURATION}-output-files.xcfilelist",
			);
			runOnlyForDeploymentPostprocessing = 0;
			shellPath = /bin/sh;
			shellScript = "\"${PODS_ROOT}/Target Support Files/Pods-MyTweets/Pods-MyTweets-frameworks.sh\"\n";
			showEnvVarsInLog = 0;
		};
/* End PBXShellScriptBuildPhase section */

/* Begin PBXSourcesBuildPhase section */
		CAF4A6A8266F8D80001AE431 /* Sources */ = {
			isa = PBXSourcesBuildPhase;
			buildActionMask = 2147483647;
			files = (
				CA2FADFD2680018F00AC3B29 /* User.swift in Sources */,
				CA973D9126892900001FFCA4 /* GeneralResponse.swift in Sources */,
				D0554E4F26BEFB7600CE7908 /* LoginViewModel.swift in Sources */,
				CA2FAE9B2680D0EA00AC3B29 /* HomeViewModel.swift in Sources */,
				D0554E7126C0914B00CE7908 /* NewPostLocationDelegate.swift in Sources */,
				CA16AE0226BA3690003EA01F /* RegisterViewModel.swift in Sources */,
				CA2FADDE267FF98700AC3B29 /* RegisterView.swift in Sources */,
				CA2FAE2126800F6A00AC3B29 /* HomeCoordinator.swift in Sources */,
				CAC1145B26B8ADF7002651B3 /* PostRepository.swift in Sources */,
				CA2FAE642680BD2200AC3B29 /* TweetCell.swift in Sources */,
				D0554E6C26C04EEC00CE7908 /* FatalErrorUtil.swift in Sources */,
				CA16ADFE26BA2EEA003EA01F /* TokenManager.swift in Sources */,
				CA973D72268800AA001FFCA4 /* NewPostViewController.swift in Sources */,
				CAF4A6F0266F92F0001AE431 /* Coordinator.swift in Sources */,
				CA2FAE732680C38900AC3B29 /* UITableViewCell+Utils.swift in Sources */,
				CAB1AAD026C83982008AC3F9 /* MapView.swift in Sources */,
				CA2FADF72680014E00AC3B29 /* UserResponse.swift in Sources */,
				CA973D7A2688038C001FFCA4 /* NewPostView.swift in Sources */,
				CA2FADD0267FE96100AC3B29 /* LoginView.swift in Sources */,
				CAF4A6B4266F8D80001AE431 /* WelcomeViewController.swift in Sources */,
				CA2FAE7B2680C74800AC3B29 /* PostDataSource.swift in Sources */,
				D08A526228498AD200012B04 /* UIThemeTextField.swift in Sources */,
				CA16AE0026BA3479003EA01F /* UserRepository.swift in Sources */,
				CA2FADE72680001500AC3B29 /* Endpoint.swift in Sources */,
				D079DD962820084B00DA1D11 /* UIColor.swift in Sources */,
				CAF4A6B0266F8D80001AE431 /* AppDelegate.swift in Sources */,
				CA2FADD6267FEA8F00AC3B29 /* NibView.swift in Sources */,
				CA973D8426880C64001FFCA4 /* PostRequest.swift in Sources */,
				CA2FADC6267F7D3E00AC3B29 /* RegisterViewController.swift in Sources */,
				CA973D7F26880B4C001FFCA4 /* NewPostViewModel.swift in Sources */,
				CAB1AACC26C83868008AC3F9 /* MapViewController.swift in Sources */,
				CA2FAE2626800FF500AC3B29 /* HomeViewController.swift in Sources */,
				CA2FAE302680169400AC3B29 /* RegisterRequest.swift in Sources */,
				CA8B50F526782C6000978109 /* LoginViewController.swift in Sources */,
				CAF4A6F5266F931B001AE431 /* MainCoordinator.swift in Sources */,
				CA2FAE6A2680BF0800AC3B29 /* Post.swift in Sources */,
				CA2FADF22680011600AC3B29 /* LoginRequest.swift in Sources */,
				CA973D482687F97C001FFCA4 /* HomeView.swift in Sources */,
				CA2FAE05268001C100AC3B29 /* ErrorResponse.swift in Sources */,
			);
			runOnlyForDeploymentPostprocessing = 0;
		};
		CAF4A6BE266F8D82001AE431 /* Sources */ = {
			isa = PBXSourcesBuildPhase;
			buildActionMask = 2147483647;
			files = (
				D0554E5726BF3CDC00CE7908 /* WelcomeViewControllertTest.swift in Sources */,
				D0554E5B26BF3F9E00CE7908 /* RegisterViewControllerTest.swift in Sources */,
				CAC1145E26B8AFF3002651B3 /* PostRepositoryMock.swift in Sources */,
				CA16AE0526BA3BBF003EA01F /* RegisterViewModelTest.swift in Sources */,
				CAC1145426B8AC9B002651B3 /* UITableViewCellTest.swift in Sources */,
				D0554E6126BF586900CE7908 /* NewPostViewControllerTest.swift in Sources */,
				D0554E5226BF001900CE7908 /* LoginViewModelTest.swift in Sources */,
				D0554E5D26BF407B00CE7908 /* HomeViewControllerTest.swift in Sources */,
				CAC1146126B8B76E002651B3 /* HomeViewModelTest.swift in Sources */,
				D0554E4D26BEF06F00CE7908 /* UserRepositoryMock.swift in Sources */,
				D0554E5F26BF490900CE7908 /* LoginViewControllerTest.swift in Sources */,
				CAC1145826B8AD64002651B3 /* NewPostViewModelTest.swift in Sources */,
				D0554E6926C04E1200CE7908 /* XCTestCase+FatalError.swift in Sources */,
				D0554E6F26C0506900CE7908 /* TokenManagerTest.swift in Sources */,
			);
			runOnlyForDeploymentPostprocessing = 0;
		};
		CAF4A6C9266F8D82001AE431 /* Sources */ = {
			isa = PBXSourcesBuildPhase;
			buildActionMask = 2147483647;
			files = (
				CAF4A6D2266F8D82001AE431 /* MyTweetsUITests.swift in Sources */,
			);
			runOnlyForDeploymentPostprocessing = 0;
		};
/* End PBXSourcesBuildPhase section */

/* Begin PBXTargetDependency section */
		CAF4A6C4266F8D82001AE431 /* PBXTargetDependency */ = {
			isa = PBXTargetDependency;
			target = CAF4A6AB266F8D80001AE431 /* MyTweets */;
			targetProxy = CAF4A6C3266F8D82001AE431 /* PBXContainerItemProxy */;
		};
		CAF4A6CF266F8D82001AE431 /* PBXTargetDependency */ = {
			isa = PBXTargetDependency;
			target = CAF4A6AB266F8D80001AE431 /* MyTweets */;
			targetProxy = CAF4A6CE266F8D82001AE431 /* PBXContainerItemProxy */;
		};
/* End PBXTargetDependency section */

/* Begin PBXVariantGroup section */
		CAF4A6BA266F8D81001AE431 /* LaunchScreen.storyboard */ = {
			isa = PBXVariantGroup;
			children = (
				CAF4A6BB266F8D81001AE431 /* Base */,
			);
			name = LaunchScreen.storyboard;
			sourceTree = "<group>";
		};
/* End PBXVariantGroup section */

/* Begin XCBuildConfiguration section */
		CAF4A6D4266F8D82001AE431 /* Debug */ = {
			isa = XCBuildConfiguration;
			buildSettings = {
				ALWAYS_SEARCH_USER_PATHS = NO;
				CLANG_ANALYZER_NONNULL = YES;
				CLANG_ANALYZER_NUMBER_OBJECT_CONVERSION = YES_AGGRESSIVE;
				CLANG_CXX_LANGUAGE_STANDARD = "gnu++14";
				CLANG_CXX_LIBRARY = "libc++";
				CLANG_ENABLE_MODULES = YES;
				CLANG_ENABLE_OBJC_ARC = YES;
				CLANG_ENABLE_OBJC_WEAK = YES;
				CLANG_WARN_BLOCK_CAPTURE_AUTORELEASING = YES;
				CLANG_WARN_BOOL_CONVERSION = YES;
				CLANG_WARN_COMMA = YES;
				CLANG_WARN_CONSTANT_CONVERSION = YES;
				CLANG_WARN_DEPRECATED_OBJC_IMPLEMENTATIONS = YES;
				CLANG_WARN_DIRECT_OBJC_ISA_USAGE = YES_ERROR;
				CLANG_WARN_DOCUMENTATION_COMMENTS = YES;
				CLANG_WARN_EMPTY_BODY = YES;
				CLANG_WARN_ENUM_CONVERSION = YES;
				CLANG_WARN_INFINITE_RECURSION = YES;
				CLANG_WARN_INT_CONVERSION = YES;
				CLANG_WARN_NON_LITERAL_NULL_CONVERSION = YES;
				CLANG_WARN_OBJC_IMPLICIT_RETAIN_SELF = YES;
				CLANG_WARN_OBJC_LITERAL_CONVERSION = YES;
				CLANG_WARN_OBJC_ROOT_CLASS = YES_ERROR;
				CLANG_WARN_QUOTED_INCLUDE_IN_FRAMEWORK_HEADER = YES;
				CLANG_WARN_RANGE_LOOP_ANALYSIS = YES;
				CLANG_WARN_STRICT_PROTOTYPES = YES;
				CLANG_WARN_SUSPICIOUS_MOVE = YES;
				CLANG_WARN_UNGUARDED_AVAILABILITY = YES_AGGRESSIVE;
				CLANG_WARN_UNREACHABLE_CODE = YES;
				CLANG_WARN__DUPLICATE_METHOD_MATCH = YES;
				COPY_PHASE_STRIP = NO;
				DEBUG_INFORMATION_FORMAT = dwarf;
				ENABLE_STRICT_OBJC_MSGSEND = YES;
				ENABLE_TESTABILITY = YES;
				GCC_C_LANGUAGE_STANDARD = gnu11;
				GCC_DYNAMIC_NO_PIC = NO;
				GCC_NO_COMMON_BLOCKS = YES;
				GCC_OPTIMIZATION_LEVEL = 0;
				GCC_PREPROCESSOR_DEFINITIONS = (
					"DEBUG=1",
					"$(inherited)",
				);
				GCC_WARN_64_TO_32_BIT_CONVERSION = YES;
				GCC_WARN_ABOUT_RETURN_TYPE = YES_ERROR;
				GCC_WARN_UNDECLARED_SELECTOR = YES;
				GCC_WARN_UNINITIALIZED_AUTOS = YES_AGGRESSIVE;
				GCC_WARN_UNUSED_FUNCTION = YES;
				GCC_WARN_UNUSED_VARIABLE = YES;
				IPHONEOS_DEPLOYMENT_TARGET = 13.0;
				MTL_ENABLE_DEBUG_INFO = INCLUDE_SOURCE;
				MTL_FAST_MATH = YES;
				ONLY_ACTIVE_ARCH = YES;
				SDKROOT = iphoneos;
				SWIFT_ACTIVE_COMPILATION_CONDITIONS = DEBUG;
				SWIFT_OPTIMIZATION_LEVEL = "-Onone";
			};
			name = Debug;
		};
		CAF4A6D5266F8D82001AE431 /* Release */ = {
			isa = XCBuildConfiguration;
			buildSettings = {
				ALWAYS_SEARCH_USER_PATHS = NO;
				CLANG_ANALYZER_NONNULL = YES;
				CLANG_ANALYZER_NUMBER_OBJECT_CONVERSION = YES_AGGRESSIVE;
				CLANG_CXX_LANGUAGE_STANDARD = "gnu++14";
				CLANG_CXX_LIBRARY = "libc++";
				CLANG_ENABLE_MODULES = YES;
				CLANG_ENABLE_OBJC_ARC = YES;
				CLANG_ENABLE_OBJC_WEAK = YES;
				CLANG_WARN_BLOCK_CAPTURE_AUTORELEASING = YES;
				CLANG_WARN_BOOL_CONVERSION = YES;
				CLANG_WARN_COMMA = YES;
				CLANG_WARN_CONSTANT_CONVERSION = YES;
				CLANG_WARN_DEPRECATED_OBJC_IMPLEMENTATIONS = YES;
				CLANG_WARN_DIRECT_OBJC_ISA_USAGE = YES_ERROR;
				CLANG_WARN_DOCUMENTATION_COMMENTS = YES;
				CLANG_WARN_EMPTY_BODY = YES;
				CLANG_WARN_ENUM_CONVERSION = YES;
				CLANG_WARN_INFINITE_RECURSION = YES;
				CLANG_WARN_INT_CONVERSION = YES;
				CLANG_WARN_NON_LITERAL_NULL_CONVERSION = YES;
				CLANG_WARN_OBJC_IMPLICIT_RETAIN_SELF = YES;
				CLANG_WARN_OBJC_LITERAL_CONVERSION = YES;
				CLANG_WARN_OBJC_ROOT_CLASS = YES_ERROR;
				CLANG_WARN_QUOTED_INCLUDE_IN_FRAMEWORK_HEADER = YES;
				CLANG_WARN_RANGE_LOOP_ANALYSIS = YES;
				CLANG_WARN_STRICT_PROTOTYPES = YES;
				CLANG_WARN_SUSPICIOUS_MOVE = YES;
				CLANG_WARN_UNGUARDED_AVAILABILITY = YES_AGGRESSIVE;
				CLANG_WARN_UNREACHABLE_CODE = YES;
				CLANG_WARN__DUPLICATE_METHOD_MATCH = YES;
				COPY_PHASE_STRIP = NO;
				DEBUG_INFORMATION_FORMAT = "dwarf-with-dsym";
				ENABLE_NS_ASSERTIONS = NO;
				ENABLE_STRICT_OBJC_MSGSEND = YES;
				GCC_C_LANGUAGE_STANDARD = gnu11;
				GCC_NO_COMMON_BLOCKS = YES;
				GCC_WARN_64_TO_32_BIT_CONVERSION = YES;
				GCC_WARN_ABOUT_RETURN_TYPE = YES_ERROR;
				GCC_WARN_UNDECLARED_SELECTOR = YES;
				GCC_WARN_UNINITIALIZED_AUTOS = YES_AGGRESSIVE;
				GCC_WARN_UNUSED_FUNCTION = YES;
				GCC_WARN_UNUSED_VARIABLE = YES;
				IPHONEOS_DEPLOYMENT_TARGET = 13.0;
				MTL_ENABLE_DEBUG_INFO = NO;
				MTL_FAST_MATH = YES;
				SDKROOT = iphoneos;
				SWIFT_COMPILATION_MODE = wholemodule;
				SWIFT_OPTIMIZATION_LEVEL = "-O";
				VALIDATE_PRODUCT = YES;
			};
			name = Release;
		};
		CAF4A6D7266F8D82001AE431 /* Debug */ = {
			isa = XCBuildConfiguration;
			baseConfigurationReference = 0697DCD0A7974A613B01135C /* Pods-MyTweets.debug.xcconfig */;
			buildSettings = {
				ASSETCATALOG_COMPILER_APPICON_NAME = AppIcon;
				ASSETCATALOG_COMPILER_GLOBAL_ACCENT_COLOR_NAME = AccentColor;
				CODE_SIGN_STYLE = Automatic;
				DEVELOPMENT_TEAM = L3YB74AQPU;
				INFOPLIST_FILE = MyTweets/Info.plist;
				IPHONEOS_DEPLOYMENT_TARGET = 14.0;
				LD_RUNPATH_SEARCH_PATHS = (
					"$(inherited)",
					"@executable_path/Frameworks",
				);
				PRODUCT_BUNDLE_IDENTIFIER = com.nicomano.MyTweets;
				PRODUCT_NAME = "$(TARGET_NAME)";
				SWIFT_VERSION = 5.0;
				TARGETED_DEVICE_FAMILY = 1;
			};
			name = Debug;
		};
		CAF4A6D8266F8D82001AE431 /* Release */ = {
			isa = XCBuildConfiguration;
			baseConfigurationReference = 662617651663F8875CC46A46 /* Pods-MyTweets.release.xcconfig */;
			buildSettings = {
				ASSETCATALOG_COMPILER_APPICON_NAME = AppIcon;
				ASSETCATALOG_COMPILER_GLOBAL_ACCENT_COLOR_NAME = AccentColor;
				CODE_SIGN_STYLE = Automatic;
				DEVELOPMENT_TEAM = L3YB74AQPU;
				INFOPLIST_FILE = MyTweets/Info.plist;
				IPHONEOS_DEPLOYMENT_TARGET = 14.0;
				LD_RUNPATH_SEARCH_PATHS = (
					"$(inherited)",
					"@executable_path/Frameworks",
				);
				PRODUCT_BUNDLE_IDENTIFIER = com.nicomano.MyTweets;
				PRODUCT_NAME = "$(TARGET_NAME)";
				SWIFT_VERSION = 5.0;
				TARGETED_DEVICE_FAMILY = 1;
			};
			name = Release;
		};
		CAF4A6DA266F8D82001AE431 /* Debug */ = {
			isa = XCBuildConfiguration;
			baseConfigurationReference = 8DD992274ECCD863F0F8055B /* Pods-MyTweetsTests.debug.xcconfig */;
			buildSettings = {
				ALWAYS_EMBED_SWIFT_STANDARD_LIBRARIES = YES;
				BUNDLE_LOADER = "$(TEST_HOST)";
				CODE_SIGN_STYLE = Automatic;
				INFOPLIST_FILE = MyTweetsTests/Info.plist;
				IPHONEOS_DEPLOYMENT_TARGET = 14.3;
				LD_RUNPATH_SEARCH_PATHS = (
					"$(inherited)",
					"@executable_path/Frameworks",
					"@loader_path/Frameworks",
				);
				PRODUCT_BUNDLE_IDENTIFIER = com.nicomano.MyTweetsTests;
				PRODUCT_NAME = "$(TARGET_NAME)";
				SWIFT_VERSION = 5.0;
				TARGETED_DEVICE_FAMILY = "1,2";
				TEST_HOST = "$(BUILT_PRODUCTS_DIR)/MyTweets.app/MyTweets";
			};
			name = Debug;
		};
		CAF4A6DB266F8D82001AE431 /* Release */ = {
			isa = XCBuildConfiguration;
			baseConfigurationReference = 2A227DC62420DBBB6AFB9BB2 /* Pods-MyTweetsTests.release.xcconfig */;
			buildSettings = {
				ALWAYS_EMBED_SWIFT_STANDARD_LIBRARIES = YES;
				BUNDLE_LOADER = "$(TEST_HOST)";
				CODE_SIGN_STYLE = Automatic;
				INFOPLIST_FILE = MyTweetsTests/Info.plist;
				IPHONEOS_DEPLOYMENT_TARGET = 14.3;
				LD_RUNPATH_SEARCH_PATHS = (
					"$(inherited)",
					"@executable_path/Frameworks",
					"@loader_path/Frameworks",
				);
				PRODUCT_BUNDLE_IDENTIFIER = com.nicomano.MyTweetsTests;
				PRODUCT_NAME = "$(TARGET_NAME)";
				SWIFT_VERSION = 5.0;
				TARGETED_DEVICE_FAMILY = "1,2";
				TEST_HOST = "$(BUILT_PRODUCTS_DIR)/MyTweets.app/MyTweets";
			};
			name = Release;
		};
		CAF4A6DD266F8D82001AE431 /* Debug */ = {
			isa = XCBuildConfiguration;
			baseConfigurationReference = 5E7D49F534D99E8F7F82D4C3 /* Pods-MyTweets-MyTweetsUITests.debug.xcconfig */;
			buildSettings = {
				ALWAYS_EMBED_SWIFT_STANDARD_LIBRARIES = "$(inherited)";
				CODE_SIGN_STYLE = Automatic;
				INFOPLIST_FILE = MyTweetsUITests/Info.plist;
				LD_RUNPATH_SEARCH_PATHS = (
					"$(inherited)",
					"@executable_path/Frameworks",
					"@loader_path/Frameworks",
				);
				PRODUCT_BUNDLE_IDENTIFIER = com.nicomano.MyTweetsUITests;
				PRODUCT_NAME = "$(TARGET_NAME)";
				SWIFT_VERSION = 5.0;
				TARGETED_DEVICE_FAMILY = "1,2";
				TEST_TARGET_NAME = MyTweets;
			};
			name = Debug;
		};
		CAF4A6DE266F8D82001AE431 /* Release */ = {
			isa = XCBuildConfiguration;
			baseConfigurationReference = 974036769E0C6422DF4BC99B /* Pods-MyTweets-MyTweetsUITests.release.xcconfig */;
			buildSettings = {
				ALWAYS_EMBED_SWIFT_STANDARD_LIBRARIES = "$(inherited)";
				CODE_SIGN_STYLE = Automatic;
				INFOPLIST_FILE = MyTweetsUITests/Info.plist;
				LD_RUNPATH_SEARCH_PATHS = (
					"$(inherited)",
					"@executable_path/Frameworks",
					"@loader_path/Frameworks",
				);
				PRODUCT_BUNDLE_IDENTIFIER = com.nicomano.MyTweetsUITests;
				PRODUCT_NAME = "$(TARGET_NAME)";
				SWIFT_VERSION = 5.0;
				TARGETED_DEVICE_FAMILY = "1,2";
				TEST_TARGET_NAME = MyTweets;
			};
			name = Release;
		};
/* End XCBuildConfiguration section */

/* Begin XCConfigurationList section */
		CAF4A6A7266F8D80001AE431 /* Build configuration list for PBXProject "MyTweets" */ = {
			isa = XCConfigurationList;
			buildConfigurations = (
				CAF4A6D4266F8D82001AE431 /* Debug */,
				CAF4A6D5266F8D82001AE431 /* Release */,
			);
			defaultConfigurationIsVisible = 0;
			defaultConfigurationName = Release;
		};
		CAF4A6D6266F8D82001AE431 /* Build configuration list for PBXNativeTarget "MyTweets" */ = {
			isa = XCConfigurationList;
			buildConfigurations = (
				CAF4A6D7266F8D82001AE431 /* Debug */,
				CAF4A6D8266F8D82001AE431 /* Release */,
			);
			defaultConfigurationIsVisible = 0;
			defaultConfigurationName = Release;
		};
		CAF4A6D9266F8D82001AE431 /* Build configuration list for PBXNativeTarget "MyTweetsTests" */ = {
			isa = XCConfigurationList;
			buildConfigurations = (
				CAF4A6DA266F8D82001AE431 /* Debug */,
				CAF4A6DB266F8D82001AE431 /* Release */,
			);
			defaultConfigurationIsVisible = 0;
			defaultConfigurationName = Release;
		};
		CAF4A6DC266F8D82001AE431 /* Build configuration list for PBXNativeTarget "MyTweetsUITests" */ = {
			isa = XCConfigurationList;
			buildConfigurations = (
				CAF4A6DD266F8D82001AE431 /* Debug */,
				CAF4A6DE266F8D82001AE431 /* Release */,
			);
			defaultConfigurationIsVisible = 0;
			defaultConfigurationName = Release;
		};
/* End XCConfigurationList section */
	};
	rootObject = CAF4A6A4266F8D80001AE431 /* Project object */;
}
